
Microsoft Visual Studio Solution File, Format Version 12.00
# Visual Studio 2012
Project("{8BC9CEB8-8B4A-11D0-8D11-00A0C91BC942}") = "VTX", "VirtualCar2\VirtualCar2.vcxproj", "{B64D7A9B-6296-1F5A-A70D-68FD55194090}"
EndProject
Global
	GlobalSection(SolutionConfigurationPlatforms) = preSolution
		Debug|Win32 = Debug|Win32
		Release|Win32 = Release|Win32
	EndGlobalSection
	GlobalSection(ProjectConfigurationPlatforms) = postSolution
		{B64D7A9B-6296-1F5A-A70D-68FD55194090}.Debug|Win32.ActiveCfg = Debug|Win32
		{B64D7A9B-6296-1F5A-A70D-68FD55194090}.Debug|Win32.Build.0 = Debug|Win32
		{B64D7A9B-6296-1F5A-A70D-68FD55194090}.Release|Win32.ActiveCfg = Release|Win32
		{B64D7A9B-6296-1F5A-A70D-68FD55194090}.Release|Win32.Build.0 = Release|Win32
	EndGlobalSection
	GlobalSection(SolutionProperties) = preSolution
		HideSolutionNode = FALSE
	EndGlobalSection
EndGlobal
