<?xml version="1.0" encoding="utf-8"?>
<Project ToolsVersion="4.0" xmlns="http://schemas.microsoft.com/developer/msbuild/2003">
  <ItemGroup>
    <Filter Include="Source Files">
      <UniqueIdentifier>{d6737882-0d7d-40ed-b9cf-0ee0c9eb0d57}</UniqueIdentifier>
      <Extensions>cpp;c;cxx;rc;def;r;odl;idl;hpj;bat</Extensions>
    </Filter>
    <Filter Include="Source Files\GRID">
      <UniqueIdentifier>{d4dc71de-6832-41a8-9815-68b1cb822fb0}</UniqueIdentifier>
    </Filter>
    <Filter Include="Header Files">
      <UniqueIdentifier>{6203308d-445f-4d18-a63f-5436bac6c731}</UniqueIdentifier>
      <Extensions>h;hpp;hxx;hm;inl</Extensions>
    </Filter>
    <Filter Include="Resource Files">
      <UniqueIdentifier>{c5e7d10f-5f4b-4083-8c47-95da74c66025}</UniqueIdentifier>
      <Extensions>ico;cur;bmp;dlg;rc2;rct;bin;rgs;gif;jpg;jpeg;jpe</Extensions>
    </Filter>
    <Filter Include="Base">
      <UniqueIdentifier>{5f98a3c9-9e17-4b08-9040-67206a65defe}</UniqueIdentifier>
    </Filter>
  </ItemGroup>
  <ItemGroup>
    <ClCompile Include="GridCell.cpp">
      <Filter>Source Files\GRID</Filter>
    </ClCompile>
    <ClCompile Include="GridCellBase.cpp">
      <Filter>Source Files\GRID</Filter>
    </ClCompile>
    <ClCompile Include="GridCtrl.cpp">
      <Filter>Source Files\GRID</Filter>
    </ClCompile>
    <ClCompile Include="GridDropTarget.cpp">
      <Filter>Source Files\GRID</Filter>
    </ClCompile>
    <ClCompile Include="TitleTip.cpp">
      <Filter>Source Files\GRID</Filter>
    </ClCompile>
    <ClCompile Include="base.cpp">
      <Filter>Source Files</Filter>
    </ClCompile>
    <ClCompile Include="DlgAbout.cpp">
      <Filter>Source Files</Filter>
    </ClCompile>
    <ClCompile Include="DlgParas.cpp">
      <Filter>Source Files</Filter>
    </ClCompile>
    <ClCompile Include="DlgSend.cpp">
      <Filter>Source Files</Filter>
    </ClCompile>
    <ClCompile Include="DlgWizardCheck.cpp">
      <Filter>Source Files</Filter>
    </ClCompile>
    <ClCompile Include="DlgWizardCOM.cpp">
      <Filter>Source Files</Filter>
    </ClCompile>
    <ClCompile Include="DlgWizardComm.cpp">
      <Filter>Source Files</Filter>
    </ClCompile>
    <ClCompile Include="DlgWizardFrame.cpp">
      <Filter>Source Files</Filter>
    </ClCompile>
    <ClCompile Include="DlgWizardNewFile.cpp">
      <Filter>Source Files</Filter>
    </ClCompile>
    <ClCompile Include="DlgWizardPerfomance.cpp">
      <Filter>Source Files</Filter>
    </ClCompile>
    <ClCompile Include="DlgWizardTimer.cpp">
      <Filter>Source Files</Filter>
    </ClCompile>
    <ClCompile Include="DlgWizardTitle.cpp">
      <Filter>Source Files</Filter>
    </ClCompile>
    <ClCompile Include="InPlaceEdit.cpp">
      <Filter>Source Files</Filter>
    </ClCompile>
    <ClCompile Include="InputByteDlg.cpp">
      <Filter>Source Files</Filter>
    </ClCompile>
    <ClCompile Include="ModifyWnd.cpp">
      <Filter>Source Files</Filter>
    </ClCompile>
    <ClCompile Include="MyListCtrl.cpp">
      <Filter>Source Files</Filter>
    </ClCompile>
    <ClCompile Include="StdAfx.cpp">
      <Filter>Source Files</Filter>
    </ClCompile>
    <ClCompile Include="VirtualCar.cpp">
      <Filter>Source Files</Filter>
    </ClCompile>
    <ClCompile Include="VirtualCarWnd.cpp">
      <Filter>Source Files</Filter>
    </ClCompile>
    <ClCompile Include="..\Base\DTComm.cpp">
      <Filter>Base</Filter>
    </ClCompile>
    <ClCompile Include="..\Base\DTExp.cpp">
      <Filter>Base</Filter>
    </ClCompile>
    <ClCompile Include="..\Base\DTExpEx.cpp">
      <Filter>Base</Filter>
    </ClCompile>
    <ClCompile Include="..\Base\DTHsb.cpp">
      <Filter>Base</Filter>
    </ClCompile>
    <ClCompile Include="..\Base\DTStr.cpp">
      <Filter>Base</Filter>
    </ClCompile>
    <ClCompile Include="..\Base\DTXML.cpp">
      <Filter>Base</Filter>
    </ClCompile>
    <ClCompile Include="..\Base\LZW.cpp">
      <Filter>Base</Filter>
    </ClCompile>
    <ClCompile Include="..\Base\Zip.cpp">
      <Filter>Base</Filter>
    </ClCompile>
    <ClCompile Include="..\Base\UnZip.cpp">
      <Filter>Base</Filter>
    </ClCompile>
  </ItemGroup>
  <ItemGroup>
    <ResourceCompile Include="VirtualCar.rc">
      <Filter>Source Files</Filter>
    </ResourceCompile>
  </ItemGroup>
  <ItemGroup>
    <ClInclude Include="base.h">
      <Filter>Header Files</Filter>
    </ClInclude>
    <ClInclude Include="CellRange.h">
      <Filter>Header Files</Filter>
    </ClInclude>
    <ClInclude Include="DlgAbout.h">
      <Filter>Header Files</Filter>
    </ClInclude>
    <ClInclude Include="DlgParas.h">
      <Filter>Header Files</Filter>
    </ClInclude>
    <ClInclude Include="DlgSend.h">
      <Filter>Header Files</Filter>
    </ClInclude>
    <ClInclude Include="DlgWizardCheck.h">
      <Filter>Header Files</Filter>
    </ClInclude>
    <ClInclude Include="DlgWizardCOM.h">
      <Filter>Header Files</Filter>
    </ClInclude>
    <ClInclude Include="DlgWizardComm.h">
      <Filter>Header Files</Filter>
    </ClInclude>
    <ClInclude Include="DlgWizardFrame.h">
      <Filter>Header Files</Filter>
    </ClInclude>
    <ClInclude Include="DlgWizardNewFile.h">
      <Filter>Header Files</Filter>
    </ClInclude>
    <ClInclude Include="DlgWizardPerfomance.h">
      <Filter>Header Files</Filter>
    </ClInclude>
    <ClInclude Include="DlgWizardTimer.h">
      <Filter>Header Files</Filter>
    </ClInclude>
    <ClInclude Include="DlgWizardTitle.h">
      <Filter>Header Files</Filter>
    </ClInclude>
    <ClInclude Include="GridCell.h">
      <Filter>Header Files</Filter>
    </ClInclude>
    <ClInclude Include="GridCellBase.h">
      <Filter>Header Files</Filter>
    </ClInclude>
    <ClInclude Include="GridCtrl.h">
      <Filter>Header Files</Filter>
    </ClInclude>
    <ClInclude Include="GridDropTarget.h">
      <Filter>Header Files</Filter>
    </ClInclude>
    <ClInclude Include="InPlaceEdit.h">
      <Filter>Header Files</Filter>
    </ClInclude>
    <ClInclude Include="InputByteDlg.h">
      <Filter>Header Files</Filter>
    </ClInclude>
    <ClInclude Include="ModifyWnd.h">
      <Filter>Header Files</Filter>
    </ClInclude>
    <ClInclude Include="MyListCtrl.h">
      <Filter>Header Files</Filter>
    </ClInclude>
    <ClInclude Include="Resource.h">
      <Filter>Header Files</Filter>
    </ClInclude>
    <ClInclude Include="StdAfx.h">
      <Filter>Header Files</Filter>
    </ClInclude>
    <ClInclude Include="TitleTip.h">
      <Filter>Header Files</Filter>
    </ClInclude>
    <ClInclude Include="VirtualCar.h">
      <Filter>Header Files</Filter>
    </ClInclude>
    <ClInclude Include="VirtualCarWnd.h">
      <Filter>Header Files</Filter>
    </ClInclude>
    <ClInclude Include="..\Base\DTXML.h">
      <Filter>Base</Filter>
    </ClInclude>
    <ClInclude Include="..\Base\DTComm.h">
      <Filter>Base</Filter>
    </ClInclude>
    <ClInclude Include="..\Base\DTExp.h">
      <Filter>Base</Filter>
    </ClInclude>
    <ClInclude Include="..\Base\DTExpEx.h">
      <Filter>Base</Filter>
    </ClInclude>
    <ClInclude Include="..\Base\DTHsb.h">
      <Filter>Base</Filter>
    </ClInclude>
    <ClInclude Include="..\Base\DTStr.h">
      <Filter>Base</Filter>
    </ClInclude>
    <ClInclude Include="..\Base\LZW.h">
      <Filter>Base</Filter>
    </ClInclude>
    <ClInclude Include="..\Base\Zip.h">
      <Filter>Base</Filter>
    </ClInclude>
    <ClInclude Include="..\Base\Unzip.h">
      <Filter>Base</Filter>
    </ClInclude>
  </ItemGroup>
  <ItemGroup>
    <CustomBuild Include="res\car.ico">
      <Filter>Resource Files</Filter>
    </CustomBuild>
    <CustomBuild Include="res\diagnotor.ico">
      <Filter>Resource Files</Filter>
    </CustomBuild>
    <CustomBuild Include="res\empty.ico">
      <Filter>Resource Files</Filter>
    </CustomBuild>
    <CustomBuild Include="res\Err.ico">
      <Filter>Resource Files</Filter>
    </CustomBuild>
    <CustomBuild Include="res\Note.ico">
      <Filter>Resource Files</Filter>
    </CustomBuild>
    <CustomBuild Include="res\VirtualCar.ico">
      <Filter>Resource Files</Filter>
    </CustomBuild>
    <CustomBuild Include="res\VirtualCar.rc2">
      <Filter>Resource Files</Filter>
    </CustomBuild>
    <CustomBuild Include="res\WizardBg.bmp">
      <Filter>Resource Files</Filter>
    </CustomBuild>
    <CustomBuild Include="ReadMe.txt" />
  </ItemGroup>
</Project>